
Microsoft Visual Studio Solution File, Format Version 12.00
# Visual Studio Version 17
VisualStudioVersion = 17.5.002.0
MinimumVisualStudioVersion = 10.0.40219.1
Project("{9A19103F-16F7-4668-BE54-9A1E7A4F7556}") = "MvcMovie", "MvcMovie.csproj", "{A0D5FA77-7203-4273-A6FB-421A83B7B276}"
EndProject
Global
	GlobalSection(SolutionConfigurationPlatforms) = preSolution
		Debug|Any CPU = Debug|Any CPU
		Release|Any CPU = Release|Any CPU
	EndGlobalSection
	GlobalSection(ProjectConfigurationPlatforms) = postSolution
		{A0D5FA77-7203-4273-A6FB-421A83B7B276}.Debug|Any CPU.ActiveCfg = Debug|Any CPU
		{A0D5FA77-7203-4273-A6FB-421A83B7B276}.Debug|Any CPU.Build.0 = Debug|Any CPU
		{A0D5FA77-7203-4273-A6FB-421A83B7B276}.Release|Any CPU.ActiveCfg = Release|Any CPU
		{A0D5FA77-7203-4273-A6FB-421A83B7B276}.Release|Any CPU.Build.0 = Release|Any CPU
	EndGlobalSection
	GlobalSection(SolutionProperties) = preSolution
		HideSolutionNode = FALSE
	EndGlobalSection
	GlobalSection(ExtensibilityGlobals) = postSolution
		SolutionGuid = {2CFB9742-640E-4148-83EF-4693E6993E5A}
	EndGlobalSection
EndGlobal
